
Microsoft Visual Studio Solution File, Format Version 12.00
# Visual Studio Version 16
VisualStudioVersion = 16.0.29609.76
MinimumVisualStudioVersion = 10.0.40219.1
Project("{FAE04EC0-301F-11D3-BF4B-00C04F79EFBC}") = "T3pyRYster", "T3pyRYster.csproj", "{DB6A7F9C-DDDF-4F92-92DF-762A8D79F380}"
EndProject
Global
	GlobalSection(SolutionConfigurationPlatforms) = preSolution
		Debug|Any CPU = Debug|Any CPU
		Release|Any CPU = Release|Any CPU
	EndGlobalSection
	GlobalSection(ProjectConfigurationPlatforms) = postSolution
		{DB6A7F9C-DDDF-4F92-92DF-762A8D79F380}.Debug|Any CPU.ActiveCfg = Debug|Any CPU
		{DB6A7F9C-DDDF-4F92-92DF-762A8D79F380}.Debug|Any CPU.Build.0 = Debug|Any CPU
		{DB6A7F9C-DDDF-4F92-92DF-762A8D79F380}.Release|Any CPU.ActiveCfg = Release|Any CPU
		{DB6A7F9C-DDDF-4F92-92DF-762A8D79F380}.Release|Any CPU.Build.0 = Release|Any CPU
	EndGlobalSection
	GlobalSection(SolutionProperties) = preSolution
		HideSolutionNode = FALSE
	EndGlobalSection
	GlobalSection(ExtensibilityGlobals) = postSolution
		SolutionGuid = {4C2F1ADC-AC0A-4321-B848-EA9DC039B298}
	EndGlobalSection
EndGlobal
